
Microsoft Visual Studio Solution File, Format Version 12.00
# Visual Studio Version 16
VisualStudioVersion = 16.0.31729.503
MinimumVisualStudioVersion = 10.0.40219.1
Project("{FAE04EC0-301F-11D3-BF4B-00C04F79EFBC}") = "Email Sending API", "Email Sending API.csproj", "{15E853CF-36DE-4646-9D5B-1D5E01272742}"
EndProject
Global
	GlobalSection(SolutionConfigurationPlatforms) = preSolution
		Debug|Any CPU = Debug|Any CPU
		Release|Any CPU = Release|Any CPU
	EndGlobalSection
	GlobalSection(ProjectConfigurationPlatforms) = postSolution
		{15E853CF-36DE-4646-9D5B-1D5E01272742}.Debug|Any CPU.ActiveCfg = Debug|Any CPU
		{15E853CF-36DE-4646-9D5B-1D5E01272742}.Debug|Any CPU.Build.0 = Debug|Any CPU
		{15E853CF-36DE-4646-9D5B-1D5E01272742}.Release|Any CPU.ActiveCfg = Release|Any CPU
		{15E853CF-36DE-4646-9D5B-1D5E01272742}.Release|Any CPU.Build.0 = Release|Any CPU
	EndGlobalSection
	GlobalSection(SolutionProperties) = preSolution
		HideSolutionNode = FALSE
	EndGlobalSection
	GlobalSection(ExtensibilityGlobals) = postSolution
		SolutionGuid = {E2930AC0-E758-4A81-9F4A-E6DCD4F53A7D}
	EndGlobalSection
EndGlobal
